
Microsoft Visual Studio Solution File, Format Version 12.00
# Visual Studio Version 16
VisualStudioVersion = 16.0.32802.440
MinimumVisualStudioVersion = 10.0.40219.1
Project("{FAE04EC0-301F-11D3-BF4B-00C04F79EFBC}") = "HotelListing2", "HotelListing2\HotelListing2.csproj", "{00FB0850-A47A-4AA0-A9BF-F933DF1A6F7F}"
EndProject
Global
	GlobalSection(SolutionConfigurationPlatforms) = preSolution
		Debug|Any CPU = Debug|Any CPU
		Release|Any CPU = Release|Any CPU
	EndGlobalSection
	GlobalSection(ProjectConfigurationPlatforms) = postSolution
		{00FB0850-A47A-4AA0-A9BF-F933DF1A6F7F}.Debug|Any CPU.ActiveCfg = Debug|Any CPU
		{00FB0850-A47A-4AA0-A9BF-F933DF1A6F7F}.Debug|Any CPU.Build.0 = Debug|Any CPU
		{00FB0850-A47A-4AA0-A9BF-F933DF1A6F7F}.Release|Any CPU.ActiveCfg = Release|Any CPU
		{00FB0850-A47A-4AA0-A9BF-F933DF1A6F7F}.Release|Any CPU.Build.0 = Release|Any CPU
	EndGlobalSection
	GlobalSection(SolutionProperties) = preSolution
		HideSolutionNode = FALSE
	EndGlobalSection
	GlobalSection(ExtensibilityGlobals) = postSolution
		SolutionGuid = {8489CB96-7A80-43E3-A051-FDAE3DCA6A1A}
	EndGlobalSection
EndGlobal
